
Microsoft Visual Studio Solution File, Format Version 12.00
# Visual Studio Version 16
VisualStudioVersion = 16.0.30804.86
MinimumVisualStudioVersion = 10.0.40219.1
Project("{A07B5EB6-E848-4116-A8D0-A826331D98C6}") = "EncServiceFabricApp", "EncServiceFabricApp\EncServiceFabricApp.sfproj", "{48477EF7-BF60-470E-B24E-5EE25040614D}"
EndProject
Project("{9A19103F-16F7-4668-BE54-9A1E7A4F7556}") = "EncWeb", "EncWeb\EncWeb.csproj", "{A2B38738-103B-47B0-8D87-5EDC393E1E89}"
EndProject
Project("{9A19103F-16F7-4668-BE54-9A1E7A4F7556}") = "ConsoleApp1", "ConsoleApp1\ConsoleApp1.csproj", "{78EC8670-9079-40B2-BCAC-23BC44A2B3F3}"
EndProject
Project("{9A19103F-16F7-4668-BE54-9A1E7A4F7556}") = "EncDataModel", "EncDataModel\EncDataModel.csproj", "{4C29C2E4-40D9-4198-84AF-E4FE51799CF7}"
EndProject
Project("{9A19103F-16F7-4668-BE54-9A1E7A4F7556}") = "CosmosPractice", "CosmosPractice\CosmosPractice.csproj", "{4C6B8D87-F6A5-4C4F-B51D-9D8CCA58EB44}"
EndProject
Project("{9A19103F-16F7-4668-BE54-9A1E7A4F7556}") = "EncLoadCMSMAO001", "EncLoadCMSMAO001\EncLoadCMSMAO001.csproj", "{4E77E905-4741-4C77-A923-033D87C275E9}"
EndProject
Project("{9A19103F-16F7-4668-BE54-9A1E7A4F7556}") = "EncLoadCMSMAO002", "EncLoadCMSMAO002\EncLoadCMSMAO002.csproj", "{23F9D165-E4CB-4F5E-8A63-7406A45384B5}"
EndProject
Project("{9A19103F-16F7-4668-BE54-9A1E7A4F7556}") = "EncLoadCMSMAO004", "EncLoadCMSMAO004\EncLoadCMSMAO004.csproj", "{3889E78D-B46E-499E-83CB-9B5849D5B1C3}"
EndProject
Project("{9A19103F-16F7-4668-BE54-9A1E7A4F7556}") = "DHCSEVR", "DHCSEVR\DHCSEVR.csproj", "{97DBCE31-C3A9-476F-8051-5E202DA86215}"
EndProject
Project("{9A19103F-16F7-4668-BE54-9A1E7A4F7556}") = "Premium820", "Premium820\Premium820.csproj", "{AD187568-F8F8-4B4D-B361-BBD68A79502E}"
EndProject
Project("{9A19103F-16F7-4668-BE54-9A1E7A4F7556}") = "Eligibility834", "Eligibility834\Eligibility834.csproj", "{2BF19CBD-0CA6-4353-AA6F-8A2EC7D6A4BF}"
EndProject
Project("{9A19103F-16F7-4668-BE54-9A1E7A4F7556}") = "Remittance835", "Remittance835\Remittance835.csproj", "{F2EAD749-683B-4358-AE74-EFC0791487BF}"
EndProject
Project("{9A19103F-16F7-4668-BE54-9A1E7A4F7556}") = "Load274Data", "Load274Data\Load274Data.csproj", "{6DC4667D-9E94-41D2-BB25-FA1164E3433B}"
EndProject
Project("{9A19103F-16F7-4668-BE54-9A1E7A4F7556}") = "Export274", "Export274\Export274.csproj", "{9C81E703-EA21-4459-A9FC-2F4F93E33350}"
EndProject
Project("{9A19103F-16F7-4668-BE54-9A1E7A4F7556}") = "LoadChartReviewCsv", "LoadChartReviewCsv\LoadChartReviewCsv.csproj", "{80ECC9B2-794A-4939-8CC3-6C95BADED628}"
EndProject
Project("{9A19103F-16F7-4668-BE54-9A1E7A4F7556}") = "GenerateChartReview", "GenerateChartReview\GenerateChartReview.csproj", "{FF8737B8-9FD3-48E3-8B5E-510CA5B4B94B}"
EndProject
Project("{9A19103F-16F7-4668-BE54-9A1E7A4F7556}") = "LoadNCPDPData", "LoadNCPDPData\LoadNCPDPData.csproj", "{97D1927F-72B8-458C-83A5-AD53B5D10F1A}"
EndProject
Project("{9A19103F-16F7-4668-BE54-9A1E7A4F7556}") = "ExportNCPDP", "ExportNCPDP\ExportNCPDP.csproj", "{FD7B3D67-CC1D-48E5-AC04-229EABD0135F}"
EndProject
Project("{9A19103F-16F7-4668-BE54-9A1E7A4F7556}") = "LoadMCPDIPExcel", "LoadMCPDIPExcel\LoadMCPDIPExcel.csproj", "{C6180B66-5C81-44BD-8DA2-1BD988752737}"
EndProject
Project("{FAE04EC0-301F-11D3-BF4B-00C04F79EFBC}") = "JsonLib", "JsonLib\JsonLib.csproj", "{794CD03A-4C9D-48BF-8EDD-752399083056}"
EndProject
Project("{9A19103F-16F7-4668-BE54-9A1E7A4F7556}") = "LoadMCPDIPResponse", "LoadMCPDIPResponse\LoadMCPDIPResponse.csproj", "{0F8A3A2A-2F00-4363-93C1-B6D59DD99FAA}"
EndProject
Project("{9A19103F-16F7-4668-BE54-9A1E7A4F7556}") = "GenerateMCPDJson", "GenerateMCPDJson\GenerateMCPDJson.csproj", "{A4183D9F-CA24-4BE8-8C02-11CAA36BF9E6}"
EndProject
Project("{9A19103F-16F7-4668-BE54-9A1E7A4F7556}") = "GeneratePCPAJson", "GeneratePCPAJson\GeneratePCPAJson.csproj", "{6D86288D-C34F-4BB8-83C8-1A58185B4890}"
EndProject
Project("{9A19103F-16F7-4668-BE54-9A1E7A4F7556}") = "ValidateMCPDIPJsonFile", "ValidateMCPDIPJsonFile\ValidateMCPDIPJsonFile.csproj", "{859C7457-8551-4692-8DD7-3488A182ACA6}"
EndProject
Project("{9A19103F-16F7-4668-BE54-9A1E7A4F7556}") = "Load837File", "Load837File\Load837File.csproj", "{A0C0C533-2FEE-4673-B279-DBC33F441C07}"
EndProject
Project("{FAE04EC0-301F-11D3-BF4B-00C04F79EFBC}") = "X12Lib", "X12Lib\X12Lib.csproj", "{310EE327-CAF9-4333-BD0D-20E017629B4A}"
EndProject
Project("{9A19103F-16F7-4668-BE54-9A1E7A4F7556}") = "Export837", "Export837\Export837.csproj", "{99AF92C6-8AD7-40C4-864A-EE31D54469E4}"
EndProject
Project("{9A19103F-16F7-4668-BE54-9A1E7A4F7556}") = "Load837Meditrac", "Load837Meditrac\Load837Meditrac.csproj", "{7037C208-6904-4418-8699-AE5C187D7EBB}"
EndProject
Project("{9A19103F-16F7-4668-BE54-9A1E7A4F7556}") = "Load837SubHistory", "Load837SubHistory\Load837SubHistory.csproj", "{F86FFE37-732F-4923-8781-4346563C8061}"
EndProject
Project("{9A19103F-16F7-4668-BE54-9A1E7A4F7556}") = "EncLoadCMS277CA", "EncLoadCMS277CA\EncLoadCMS277CA.csproj", "{43DB1F24-5C11-4E99-AB96-E7ECDAA63D3E}"
EndProject
Project("{9A19103F-16F7-4668-BE54-9A1E7A4F7556}") = "EncLoadCMS999", "EncLoadCMS999\EncLoadCMS999.csproj", "{58FAF790-D9CF-4D50-92CA-15420C84D3DB}"
EndProject
Project("{9A19103F-16F7-4668-BE54-9A1E7A4F7556}") = "Load837Recon", "Load837Recon\Load837Recon.csproj", "{09D060DE-22F3-465E-BE24-6CCFF7548669}"
EndProject
Project("{FAE04EC0-301F-11D3-BF4B-00C04F79EFBC}") = "FHIR.DataModel", "FHIR.DataModel\FHIR.DataModel.csproj", "{E368FCD5-0D61-4030-BE99-8762436D5ACD}"
EndProject
Project("{9A19103F-16F7-4668-BE54-9A1E7A4F7556}") = "FHIRMembers", "FHIRMembers\FHIRMembers.csproj", "{74F4B9EA-5DA9-4F5F-8D05-4DBAF6F9A70B}"
EndProject
Project("{9A19103F-16F7-4668-BE54-9A1E7A4F7556}") = "FHIRClaims", "FHIRClaims\FHIRClaims.csproj", "{55773601-FD24-47F5-95A2-75F47AC54D4B}"
EndProject
Project("{9A19103F-16F7-4668-BE54-9A1E7A4F7556}") = "FHIRProviders", "FHIRProviders\FHIRProviders.csproj", "{3F6EFEB2-A0FF-4DA4-8E1B-D82AF038D848}"
EndProject
Project("{9A19103F-16F7-4668-BE54-9A1E7A4F7556}") = "Load837WPC", "Load837WPC\Load837WPC.csproj", "{4F925C11-729C-4CC8-ABF2-D1C76DF108ED}"
EndProject
Project("{9A19103F-16F7-4668-BE54-9A1E7A4F7556}") = "Load837Facets", "Load837Facets\Load837Facets.csproj", "{18D7EF9B-5666-4768-BBA5-F671F9F4569E}"
EndProject
Project("{FAE04EC0-301F-11D3-BF4B-00C04F79EFBC}") = "LoadVoidsReplacements", "LoadVoidsReplacements\LoadVoidsReplacements.csproj", "{3885A4A3-092D-4246-BAA8-8228A652E6A8}"
EndProject
Global
	GlobalSection(SolutionConfigurationPlatforms) = preSolution
		Debug|Any CPU = Debug|Any CPU
		Debug|x64 = Debug|x64
		Release|Any CPU = Release|Any CPU
		Release|x64 = Release|x64
	EndGlobalSection
	GlobalSection(ProjectConfigurationPlatforms) = postSolution
		{48477EF7-BF60-470E-B24E-5EE25040614D}.Debug|Any CPU.ActiveCfg = Debug|x64
		{48477EF7-BF60-470E-B24E-5EE25040614D}.Debug|x64.ActiveCfg = Debug|x64
		{48477EF7-BF60-470E-B24E-5EE25040614D}.Debug|x64.Build.0 = Debug|x64
		{48477EF7-BF60-470E-B24E-5EE25040614D}.Debug|x64.Deploy.0 = Debug|x64
		{48477EF7-BF60-470E-B24E-5EE25040614D}.Release|Any CPU.ActiveCfg = Release|x64
		{48477EF7-BF60-470E-B24E-5EE25040614D}.Release|x64.ActiveCfg = Release|x64
		{48477EF7-BF60-470E-B24E-5EE25040614D}.Release|x64.Build.0 = Release|x64
		{48477EF7-BF60-470E-B24E-5EE25040614D}.Release|x64.Deploy.0 = Release|x64
		{A2B38738-103B-47B0-8D87-5EDC393E1E89}.Debug|Any CPU.ActiveCfg = Debug|Any CPU
		{A2B38738-103B-47B0-8D87-5EDC393E1E89}.Debug|Any CPU.Build.0 = Debug|Any CPU
		{A2B38738-103B-47B0-8D87-5EDC393E1E89}.Debug|x64.ActiveCfg = Debug|Any CPU
		{A2B38738-103B-47B0-8D87-5EDC393E1E89}.Debug|x64.Build.0 = Debug|Any CPU
		{A2B38738-103B-47B0-8D87-5EDC393E1E89}.Release|Any CPU.ActiveCfg = Release|Any CPU
		{A2B38738-103B-47B0-8D87-5EDC393E1E89}.Release|Any CPU.Build.0 = Release|Any CPU
		{A2B38738-103B-47B0-8D87-5EDC393E1E89}.Release|x64.ActiveCfg = Release|Any CPU
		{A2B38738-103B-47B0-8D87-5EDC393E1E89}.Release|x64.Build.0 = Release|Any CPU
		{78EC8670-9079-40B2-BCAC-23BC44A2B3F3}.Debug|Any CPU.ActiveCfg = Debug|Any CPU
		{78EC8670-9079-40B2-BCAC-23BC44A2B3F3}.Debug|Any CPU.Build.0 = Debug|Any CPU
		{78EC8670-9079-40B2-BCAC-23BC44A2B3F3}.Debug|x64.ActiveCfg = Debug|Any CPU
		{78EC8670-9079-40B2-BCAC-23BC44A2B3F3}.Debug|x64.Build.0 = Debug|Any CPU
		{78EC8670-9079-40B2-BCAC-23BC44A2B3F3}.Release|Any CPU.ActiveCfg = Release|Any CPU
		{78EC8670-9079-40B2-BCAC-23BC44A2B3F3}.Release|Any CPU.Build.0 = Release|Any CPU
		{78EC8670-9079-40B2-BCAC-23BC44A2B3F3}.Release|x64.ActiveCfg = Release|Any CPU
		{78EC8670-9079-40B2-BCAC-23BC44A2B3F3}.Release|x64.Build.0 = Release|Any CPU
		{4C29C2E4-40D9-4198-84AF-E4FE51799CF7}.Debug|Any CPU.ActiveCfg = Debug|Any CPU
		{4C29C2E4-40D9-4198-84AF-E4FE51799CF7}.Debug|Any CPU.Build.0 = Debug|Any CPU
		{4C29C2E4-40D9-4198-84AF-E4FE51799CF7}.Debug|x64.ActiveCfg = Debug|Any CPU
		{4C29C2E4-40D9-4198-84AF-E4FE51799CF7}.Debug|x64.Build.0 = Debug|Any CPU
		{4C29C2E4-40D9-4198-84AF-E4FE51799CF7}.Release|Any CPU.ActiveCfg = Release|Any CPU
		{4C29C2E4-40D9-4198-84AF-E4FE51799CF7}.Release|Any CPU.Build.0 = Release|Any CPU
		{4C29C2E4-40D9-4198-84AF-E4FE51799CF7}.Release|x64.ActiveCfg = Release|Any CPU
		{4C29C2E4-40D9-4198-84AF-E4FE51799CF7}.Release|x64.Build.0 = Release|Any CPU
		{4C6B8D87-F6A5-4C4F-B51D-9D8CCA58EB44}.Debug|Any CPU.ActiveCfg = Debug|Any CPU
		{4C6B8D87-F6A5-4C4F-B51D-9D8CCA58EB44}.Debug|Any CPU.Build.0 = Debug|Any CPU
		{4C6B8D87-F6A5-4C4F-B51D-9D8CCA58EB44}.Debug|x64.ActiveCfg = Debug|Any CPU
		{4C6B8D87-F6A5-4C4F-B51D-9D8CCA58EB44}.Debug|x64.Build.0 = Debug|Any CPU
		{4C6B8D87-F6A5-4C4F-B51D-9D8CCA58EB44}.Release|Any CPU.ActiveCfg = Release|Any CPU
		{4C6B8D87-F6A5-4C4F-B51D-9D8CCA58EB44}.Release|Any CPU.Build.0 = Release|Any CPU
		{4C6B8D87-F6A5-4C4F-B51D-9D8CCA58EB44}.Release|x64.ActiveCfg = Release|Any CPU
		{4C6B8D87-F6A5-4C4F-B51D-9D8CCA58EB44}.Release|x64.Build.0 = Release|Any CPU
		{4E77E905-4741-4C77-A923-033D87C275E9}.Debug|Any CPU.ActiveCfg = Debug|Any CPU
		{4E77E905-4741-4C77-A923-033D87C275E9}.Debug|Any CPU.Build.0 = Debug|Any CPU
		{4E77E905-4741-4C77-A923-033D87C275E9}.Debug|x64.ActiveCfg = Debug|Any CPU
		{4E77E905-4741-4C77-A923-033D87C275E9}.Debug|x64.Build.0 = Debug|Any CPU
		{4E77E905-4741-4C77-A923-033D87C275E9}.Release|Any CPU.ActiveCfg = Release|Any CPU
		{4E77E905-4741-4C77-A923-033D87C275E9}.Release|Any CPU.Build.0 = Release|Any CPU
		{4E77E905-4741-4C77-A923-033D87C275E9}.Release|x64.ActiveCfg = Release|Any CPU
		{4E77E905-4741-4C77-A923-033D87C275E9}.Release|x64.Build.0 = Release|Any CPU
		{23F9D165-E4CB-4F5E-8A63-7406A45384B5}.Debug|Any CPU.ActiveCfg = Debug|Any CPU
		{23F9D165-E4CB-4F5E-8A63-7406A45384B5}.Debug|Any CPU.Build.0 = Debug|Any CPU
		{23F9D165-E4CB-4F5E-8A63-7406A45384B5}.Debug|x64.ActiveCfg = Debug|Any CPU
		{23F9D165-E4CB-4F5E-8A63-7406A45384B5}.Debug|x64.Build.0 = Debug|Any CPU
		{23F9D165-E4CB-4F5E-8A63-7406A45384B5}.Release|Any CPU.ActiveCfg = Release|Any CPU
		{23F9D165-E4CB-4F5E-8A63-7406A45384B5}.Release|Any CPU.Build.0 = Release|Any CPU
		{23F9D165-E4CB-4F5E-8A63-7406A45384B5}.Release|x64.ActiveCfg = Release|Any CPU
		{23F9D165-E4CB-4F5E-8A63-7406A45384B5}.Release|x64.Build.0 = Release|Any CPU
		{3889E78D-B46E-499E-83CB-9B5849D5B1C3}.Debug|Any CPU.ActiveCfg = Debug|Any CPU
		{3889E78D-B46E-499E-83CB-9B5849D5B1C3}.Debug|Any CPU.Build.0 = Debug|Any CPU
		{3889E78D-B46E-499E-83CB-9B5849D5B1C3}.Debug|x64.ActiveCfg = Debug|Any CPU
		{3889E78D-B46E-499E-83CB-9B5849D5B1C3}.Debug|x64.Build.0 = Debug|Any CPU
		{3889E78D-B46E-499E-83CB-9B5849D5B1C3}.Release|Any CPU.ActiveCfg = Release|Any CPU
		{3889E78D-B46E-499E-83CB-9B5849D5B1C3}.Release|Any CPU.Build.0 = Release|Any CPU
		{3889E78D-B46E-499E-83CB-9B5849D5B1C3}.Release|x64.ActiveCfg = Release|Any CPU
		{3889E78D-B46E-499E-83CB-9B5849D5B1C3}.Release|x64.Build.0 = Release|Any CPU
		{97DBCE31-C3A9-476F-8051-5E202DA86215}.Debug|Any CPU.ActiveCfg = Debug|Any CPU
		{97DBCE31-C3A9-476F-8051-5E202DA86215}.Debug|Any CPU.Build.0 = Debug|Any CPU
		{97DBCE31-C3A9-476F-8051-5E202DA86215}.Debug|x64.ActiveCfg = Debug|Any CPU
		{97DBCE31-C3A9-476F-8051-5E202DA86215}.Debug|x64.Build.0 = Debug|Any CPU
		{97DBCE31-C3A9-476F-8051-5E202DA86215}.Release|Any CPU.ActiveCfg = Release|Any CPU
		{97DBCE31-C3A9-476F-8051-5E202DA86215}.Release|Any CPU.Build.0 = Release|Any CPU
		{97DBCE31-C3A9-476F-8051-5E202DA86215}.Release|x64.ActiveCfg = Release|Any CPU
		{97DBCE31-C3A9-476F-8051-5E202DA86215}.Release|x64.Build.0 = Release|Any CPU
		{AD187568-F8F8-4B4D-B361-BBD68A79502E}.Debug|Any CPU.ActiveCfg = Debug|Any CPU
		{AD187568-F8F8-4B4D-B361-BBD68A79502E}.Debug|Any CPU.Build.0 = Debug|Any CPU
		{AD187568-F8F8-4B4D-B361-BBD68A79502E}.Debug|x64.ActiveCfg = Debug|Any CPU
		{AD187568-F8F8-4B4D-B361-BBD68A79502E}.Debug|x64.Build.0 = Debug|Any CPU
		{AD187568-F8F8-4B4D-B361-BBD68A79502E}.Release|Any CPU.ActiveCfg = Release|Any CPU
		{AD187568-F8F8-4B4D-B361-BBD68A79502E}.Release|Any CPU.Build.0 = Release|Any CPU
		{AD187568-F8F8-4B4D-B361-BBD68A79502E}.Release|x64.ActiveCfg = Release|Any CPU
		{AD187568-F8F8-4B4D-B361-BBD68A79502E}.Release|x64.Build.0 = Release|Any CPU
		{2BF19CBD-0CA6-4353-AA6F-8A2EC7D6A4BF}.Debug|Any CPU.ActiveCfg = Debug|Any CPU
		{2BF19CBD-0CA6-4353-AA6F-8A2EC7D6A4BF}.Debug|Any CPU.Build.0 = Debug|Any CPU
		{2BF19CBD-0CA6-4353-AA6F-8A2EC7D6A4BF}.Debug|x64.ActiveCfg = Debug|Any CPU
		{2BF19CBD-0CA6-4353-AA6F-8A2EC7D6A4BF}.Debug|x64.Build.0 = Debug|Any CPU
		{2BF19CBD-0CA6-4353-AA6F-8A2EC7D6A4BF}.Release|Any CPU.ActiveCfg = Release|Any CPU
		{2BF19CBD-0CA6-4353-AA6F-8A2EC7D6A4BF}.Release|Any CPU.Build.0 = Release|Any CPU
		{2BF19CBD-0CA6-4353-AA6F-8A2EC7D6A4BF}.Release|x64.ActiveCfg = Release|Any CPU
		{2BF19CBD-0CA6-4353-AA6F-8A2EC7D6A4BF}.Release|x64.Build.0 = Release|Any CPU
		{F2EAD749-683B-4358-AE74-EFC0791487BF}.Debug|Any CPU.ActiveCfg = Debug|Any CPU
		{F2EAD749-683B-4358-AE74-EFC0791487BF}.Debug|Any CPU.Build.0 = Debug|Any CPU
		{F2EAD749-683B-4358-AE74-EFC0791487BF}.Debug|x64.ActiveCfg = Debug|Any CPU
		{F2EAD749-683B-4358-AE74-EFC0791487BF}.Debug|x64.Build.0 = Debug|Any CPU
		{F2EAD749-683B-4358-AE74-EFC0791487BF}.Release|Any CPU.ActiveCfg = Release|Any CPU
		{F2EAD749-683B-4358-AE74-EFC0791487BF}.Release|Any CPU.Build.0 = Release|Any CPU
		{F2EAD749-683B-4358-AE74-EFC0791487BF}.Release|x64.ActiveCfg = Release|Any CPU
		{F2EAD749-683B-4358-AE74-EFC0791487BF}.Release|x64.Build.0 = Release|Any CPU
		{6DC4667D-9E94-41D2-BB25-FA1164E3433B}.Debug|Any CPU.ActiveCfg = Debug|Any CPU
		{6DC4667D-9E94-41D2-BB25-FA1164E3433B}.Debug|Any CPU.Build.0 = Debug|Any CPU
		{6DC4667D-9E94-41D2-BB25-FA1164E3433B}.Debug|x64.ActiveCfg = Debug|Any CPU
		{6DC4667D-9E94-41D2-BB25-FA1164E3433B}.Debug|x64.Build.0 = Debug|Any CPU
		{6DC4667D-9E94-41D2-BB25-FA1164E3433B}.Release|Any CPU.ActiveCfg = Release|Any CPU
		{6DC4667D-9E94-41D2-BB25-FA1164E3433B}.Release|Any CPU.Build.0 = Release|Any CPU
		{6DC4667D-9E94-41D2-BB25-FA1164E3433B}.Release|x64.ActiveCfg = Release|Any CPU
		{6DC4667D-9E94-41D2-BB25-FA1164E3433B}.Release|x64.Build.0 = Release|Any CPU
		{9C81E703-EA21-4459-A9FC-2F4F93E33350}.Debug|Any CPU.ActiveCfg = Debug|Any CPU
		{9C81E703-EA21-4459-A9FC-2F4F93E33350}.Debug|Any CPU.Build.0 = Debug|Any CPU
		{9C81E703-EA21-4459-A9FC-2F4F93E33350}.Debug|x64.ActiveCfg = Debug|Any CPU
		{9C81E703-EA21-4459-A9FC-2F4F93E33350}.Debug|x64.Build.0 = Debug|Any CPU
		{9C81E703-EA21-4459-A9FC-2F4F93E33350}.Release|Any CPU.ActiveCfg = Release|Any CPU
		{9C81E703-EA21-4459-A9FC-2F4F93E33350}.Release|Any CPU.Build.0 = Release|Any CPU
		{9C81E703-EA21-4459-A9FC-2F4F93E33350}.Release|x64.ActiveCfg = Release|Any CPU
		{9C81E703-EA21-4459-A9FC-2F4F93E33350}.Release|x64.Build.0 = Release|Any CPU
		{80ECC9B2-794A-4939-8CC3-6C95BADED628}.Debug|Any CPU.ActiveCfg = Debug|Any CPU
		{80ECC9B2-794A-4939-8CC3-6C95BADED628}.Debug|Any CPU.Build.0 = Debug|Any CPU
		{80ECC9B2-794A-4939-8CC3-6C95BADED628}.Debug|x64.ActiveCfg = Debug|Any CPU
		{80ECC9B2-794A-4939-8CC3-6C95BADED628}.Debug|x64.Build.0 = Debug|Any CPU
		{80ECC9B2-794A-4939-8CC3-6C95BADED628}.Release|Any CPU.ActiveCfg = Release|Any CPU
		{80ECC9B2-794A-4939-8CC3-6C95BADED628}.Release|Any CPU.Build.0 = Release|Any CPU
		{80ECC9B2-794A-4939-8CC3-6C95BADED628}.Release|x64.ActiveCfg = Release|Any CPU
		{80ECC9B2-794A-4939-8CC3-6C95BADED628}.Release|x64.Build.0 = Release|Any CPU
		{FF8737B8-9FD3-48E3-8B5E-510CA5B4B94B}.Debug|Any CPU.ActiveCfg = Debug|Any CPU
		{FF8737B8-9FD3-48E3-8B5E-510CA5B4B94B}.Debug|Any CPU.Build.0 = Debug|Any CPU
		{FF8737B8-9FD3-48E3-8B5E-510CA5B4B94B}.Debug|x64.ActiveCfg = Debug|Any CPU
		{FF8737B8-9FD3-48E3-8B5E-510CA5B4B94B}.Debug|x64.Build.0 = Debug|Any CPU
		{FF8737B8-9FD3-48E3-8B5E-510CA5B4B94B}.Release|Any CPU.ActiveCfg = Release|Any CPU
		{FF8737B8-9FD3-48E3-8B5E-510CA5B4B94B}.Release|Any CPU.Build.0 = Release|Any CPU
		{FF8737B8-9FD3-48E3-8B5E-510CA5B4B94B}.Release|x64.ActiveCfg = Release|Any CPU
		{FF8737B8-9FD3-48E3-8B5E-510CA5B4B94B}.Release|x64.Build.0 = Release|Any CPU
		{97D1927F-72B8-458C-83A5-AD53B5D10F1A}.Debug|Any CPU.ActiveCfg = Debug|Any CPU
		{97D1927F-72B8-458C-83A5-AD53B5D10F1A}.Debug|Any CPU.Build.0 = Debug|Any CPU
		{97D1927F-72B8-458C-83A5-AD53B5D10F1A}.Debug|x64.ActiveCfg = Debug|Any CPU
		{97D1927F-72B8-458C-83A5-AD53B5D10F1A}.Debug|x64.Build.0 = Debug|Any CPU
		{97D1927F-72B8-458C-83A5-AD53B5D10F1A}.Release|Any CPU.ActiveCfg = Release|Any CPU
		{97D1927F-72B8-458C-83A5-AD53B5D10F1A}.Release|Any CPU.Build.0 = Release|Any CPU
		{97D1927F-72B8-458C-83A5-AD53B5D10F1A}.Release|x64.ActiveCfg = Release|Any CPU
		{97D1927F-72B8-458C-83A5-AD53B5D10F1A}.Release|x64.Build.0 = Release|Any CPU
		{FD7B3D67-CC1D-48E5-AC04-229EABD0135F}.Debug|Any CPU.ActiveCfg = Debug|Any CPU
		{FD7B3D67-CC1D-48E5-AC04-229EABD0135F}.Debug|Any CPU.Build.0 = Debug|Any CPU
		{FD7B3D67-CC1D-48E5-AC04-229EABD0135F}.Debug|x64.ActiveCfg = Debug|Any CPU
		{FD7B3D67-CC1D-48E5-AC04-229EABD0135F}.Debug|x64.Build.0 = Debug|Any CPU
		{FD7B3D67-CC1D-48E5-AC04-229EABD0135F}.Release|Any CPU.ActiveCfg = Release|Any CPU
		{FD7B3D67-CC1D-48E5-AC04-229EABD0135F}.Release|Any CPU.Build.0 = Release|Any CPU
		{FD7B3D67-CC1D-48E5-AC04-229EABD0135F}.Release|x64.ActiveCfg = Release|Any CPU
		{FD7B3D67-CC1D-48E5-AC04-229EABD0135F}.Release|x64.Build.0 = Release|Any CPU
		{C6180B66-5C81-44BD-8DA2-1BD988752737}.Debug|Any CPU.ActiveCfg = Debug|Any CPU
		{C6180B66-5C81-44BD-8DA2-1BD988752737}.Debug|Any CPU.Build.0 = Debug|Any CPU
		{C6180B66-5C81-44BD-8DA2-1BD988752737}.Debug|x64.ActiveCfg = Debug|Any CPU
		{C6180B66-5C81-44BD-8DA2-1BD988752737}.Debug|x64.Build.0 = Debug|Any CPU
		{C6180B66-5C81-44BD-8DA2-1BD988752737}.Release|Any CPU.ActiveCfg = Release|Any CPU
		{C6180B66-5C81-44BD-8DA2-1BD988752737}.Release|Any CPU.Build.0 = Release|Any CPU
		{C6180B66-5C81-44BD-8DA2-1BD988752737}.Release|x64.ActiveCfg = Release|Any CPU
		{C6180B66-5C81-44BD-8DA2-1BD988752737}.Release|x64.Build.0 = Release|Any CPU
		{794CD03A-4C9D-48BF-8EDD-752399083056}.Debug|Any CPU.ActiveCfg = Debug|Any CPU
		{794CD03A-4C9D-48BF-8EDD-752399083056}.Debug|Any CPU.Build.0 = Debug|Any CPU
		{794CD03A-4C9D-48BF-8EDD-752399083056}.Debug|x64.ActiveCfg = Debug|Any CPU
		{794CD03A-4C9D-48BF-8EDD-752399083056}.Debug|x64.Build.0 = Debug|Any CPU
		{794CD03A-4C9D-48BF-8EDD-752399083056}.Release|Any CPU.ActiveCfg = Release|Any CPU
		{794CD03A-4C9D-48BF-8EDD-752399083056}.Release|Any CPU.Build.0 = Release|Any CPU
		{794CD03A-4C9D-48BF-8EDD-752399083056}.Release|x64.ActiveCfg = Release|Any CPU
		{794CD03A-4C9D-48BF-8EDD-752399083056}.Release|x64.Build.0 = Release|Any CPU
		{0F8A3A2A-2F00-4363-93C1-B6D59DD99FAA}.Debug|Any CPU.ActiveCfg = Debug|Any CPU
		{0F8A3A2A-2F00-4363-93C1-B6D59DD99FAA}.Debug|Any CPU.Build.0 = Debug|Any CPU
		{0F8A3A2A-2F00-4363-93C1-B6D59DD99FAA}.Debug|x64.ActiveCfg = Debug|Any CPU
		{0F8A3A2A-2F00-4363-93C1-B6D59DD99FAA}.Debug|x64.Build.0 = Debug|Any CPU
		{0F8A3A2A-2F00-4363-93C1-B6D59DD99FAA}.Release|Any CPU.ActiveCfg = Release|Any CPU
		{0F8A3A2A-2F00-4363-93C1-B6D59DD99FAA}.Release|Any CPU.Build.0 = Release|Any CPU
		{0F8A3A2A-2F00-4363-93C1-B6D59DD99FAA}.Release|x64.ActiveCfg = Release|Any CPU
		{0F8A3A2A-2F00-4363-93C1-B6D59DD99FAA}.Release|x64.Build.0 = Release|Any CPU
		{A4183D9F-CA24-4BE8-8C02-11CAA36BF9E6}.Debug|Any CPU.ActiveCfg = Debug|Any CPU
		{A4183D9F-CA24-4BE8-8C02-11CAA36BF9E6}.Debug|Any CPU.Build.0 = Debug|Any CPU
		{A4183D9F-CA24-4BE8-8C02-11CAA36BF9E6}.Debug|x64.ActiveCfg = Debug|Any CPU
		{A4183D9F-CA24-4BE8-8C02-11CAA36BF9E6}.Debug|x64.Build.0 = Debug|Any CPU
		{A4183D9F-CA24-4BE8-8C02-11CAA36BF9E6}.Release|Any CPU.ActiveCfg = Release|Any CPU
		{A4183D9F-CA24-4BE8-8C02-11CAA36BF9E6}.Release|Any CPU.Build.0 = Release|Any CPU
		{A4183D9F-CA24-4BE8-8C02-11CAA36BF9E6}.Release|x64.ActiveCfg = Release|Any CPU
		{A4183D9F-CA24-4BE8-8C02-11CAA36BF9E6}.Release|x64.Build.0 = Release|Any CPU
		{6D86288D-C34F-4BB8-83C8-1A58185B4890}.Debug|Any CPU.ActiveCfg = Debug|Any CPU
		{6D86288D-C34F-4BB8-83C8-1A58185B4890}.Debug|Any CPU.Build.0 = Debug|Any CPU
		{6D86288D-C34F-4BB8-83C8-1A58185B4890}.Debug|x64.ActiveCfg = Debug|Any CPU
		{6D86288D-C34F-4BB8-83C8-1A58185B4890}.Debug|x64.Build.0 = Debug|Any CPU
		{6D86288D-C34F-4BB8-83C8-1A58185B4890}.Release|Any CPU.ActiveCfg = Release|Any CPU
		{6D86288D-C34F-4BB8-83C8-1A58185B4890}.Release|Any CPU.Build.0 = Release|Any CPU
		{6D86288D-C34F-4BB8-83C8-1A58185B4890}.Release|x64.ActiveCfg = Release|Any CPU
		{6D86288D-C34F-4BB8-83C8-1A58185B4890}.Release|x64.Build.0 = Release|Any CPU
		{859C7457-8551-4692-8DD7-3488A182ACA6}.Debug|Any CPU.ActiveCfg = Debug|Any CPU
		{859C7457-8551-4692-8DD7-3488A182ACA6}.Debug|Any CPU.Build.0 = Debug|Any CPU
		{859C7457-8551-4692-8DD7-3488A182ACA6}.Debug|x64.ActiveCfg = Debug|Any CPU
		{859C7457-8551-4692-8DD7-3488A182ACA6}.Debug|x64.Build.0 = Debug|Any CPU
		{859C7457-8551-4692-8DD7-3488A182ACA6}.Release|Any CPU.ActiveCfg = Release|Any CPU
		{859C7457-8551-4692-8DD7-3488A182ACA6}.Release|Any CPU.Build.0 = Release|Any CPU
		{859C7457-8551-4692-8DD7-3488A182ACA6}.Release|x64.ActiveCfg = Release|Any CPU
		{859C7457-8551-4692-8DD7-3488A182ACA6}.Release|x64.Build.0 = Release|Any CPU
		{A0C0C533-2FEE-4673-B279-DBC33F441C07}.Debug|Any CPU.ActiveCfg = Debug|Any CPU
		{A0C0C533-2FEE-4673-B279-DBC33F441C07}.Debug|Any CPU.Build.0 = Debug|Any CPU
		{A0C0C533-2FEE-4673-B279-DBC33F441C07}.Debug|x64.ActiveCfg = Debug|Any CPU
		{A0C0C533-2FEE-4673-B279-DBC33F441C07}.Debug|x64.Build.0 = Debug|Any CPU
		{A0C0C533-2FEE-4673-B279-DBC33F441C07}.Release|Any CPU.ActiveCfg = Release|Any CPU
		{A0C0C533-2FEE-4673-B279-DBC33F441C07}.Release|Any CPU.Build.0 = Release|Any CPU
		{A0C0C533-2FEE-4673-B279-DBC33F441C07}.Release|x64.ActiveCfg = Release|Any CPU
		{A0C0C533-2FEE-4673-B279-DBC33F441C07}.Release|x64.Build.0 = Release|Any CPU
		{310EE327-CAF9-4333-BD0D-20E017629B4A}.Debug|Any CPU.ActiveCfg = Debug|Any CPU
		{310EE327-CAF9-4333-BD0D-20E017629B4A}.Debug|Any CPU.Build.0 = Debug|Any CPU
		{310EE327-CAF9-4333-BD0D-20E017629B4A}.Debug|x64.ActiveCfg = Debug|Any CPU
		{310EE327-CAF9-4333-BD0D-20E017629B4A}.Debug|x64.Build.0 = Debug|Any CPU
		{310EE327-CAF9-4333-BD0D-20E017629B4A}.Release|Any CPU.ActiveCfg = Release|Any CPU
		{310EE327-CAF9-4333-BD0D-20E017629B4A}.Release|Any CPU.Build.0 = Release|Any CPU
		{310EE327-CAF9-4333-BD0D-20E017629B4A}.Release|x64.ActiveCfg = Release|Any CPU
		{310EE327-CAF9-4333-BD0D-20E017629B4A}.Release|x64.Build.0 = Release|Any CPU
		{99AF92C6-8AD7-40C4-864A-EE31D54469E4}.Debug|Any CPU.ActiveCfg = Debug|Any CPU
		{99AF92C6-8AD7-40C4-864A-EE31D54469E4}.Debug|Any CPU.Build.0 = Debug|Any CPU
		{99AF92C6-8AD7-40C4-864A-EE31D54469E4}.Debug|x64.ActiveCfg = Debug|Any CPU
		{99AF92C6-8AD7-40C4-864A-EE31D54469E4}.Debug|x64.Build.0 = Debug|Any CPU
		{99AF92C6-8AD7-40C4-864A-EE31D54469E4}.Release|Any CPU.ActiveCfg = Release|Any CPU
		{99AF92C6-8AD7-40C4-864A-EE31D54469E4}.Release|Any CPU.Build.0 = Release|Any CPU
		{99AF92C6-8AD7-40C4-864A-EE31D54469E4}.Release|x64.ActiveCfg = Release|Any CPU
		{99AF92C6-8AD7-40C4-864A-EE31D54469E4}.Release|x64.Build.0 = Release|Any CPU
		{7037C208-6904-4418-8699-AE5C187D7EBB}.Debug|Any CPU.ActiveCfg = Debug|Any CPU
		{7037C208-6904-4418-8699-AE5C187D7EBB}.Debug|Any CPU.Build.0 = Debug|Any CPU
		{7037C208-6904-4418-8699-AE5C187D7EBB}.Debug|x64.ActiveCfg = Debug|Any CPU
		{7037C208-6904-4418-8699-AE5C187D7EBB}.Debug|x64.Build.0 = Debug|Any CPU
		{7037C208-6904-4418-8699-AE5C187D7EBB}.Release|Any CPU.ActiveCfg = Release|Any CPU
		{7037C208-6904-4418-8699-AE5C187D7EBB}.Release|Any CPU.Build.0 = Release|Any CPU
		{7037C208-6904-4418-8699-AE5C187D7EBB}.Release|x64.ActiveCfg = Release|Any CPU
		{7037C208-6904-4418-8699-AE5C187D7EBB}.Release|x64.Build.0 = Release|Any CPU
		{F86FFE37-732F-4923-8781-4346563C8061}.Debug|Any CPU.ActiveCfg = Debug|Any CPU
		{F86FFE37-732F-4923-8781-4346563C8061}.Debug|Any CPU.Build.0 = Debug|Any CPU
		{F86FFE37-732F-4923-8781-4346563C8061}.Debug|x64.ActiveCfg = Debug|Any CPU
		{F86FFE37-732F-4923-8781-4346563C8061}.Debug|x64.Build.0 = Debug|Any CPU
		{F86FFE37-732F-4923-8781-4346563C8061}.Release|Any CPU.ActiveCfg = Release|Any CPU
		{F86FFE37-732F-4923-8781-4346563C8061}.Release|Any CPU.Build.0 = Release|Any CPU
		{F86FFE37-732F-4923-8781-4346563C8061}.Release|x64.ActiveCfg = Release|Any CPU
		{F86FFE37-732F-4923-8781-4346563C8061}.Release|x64.Build.0 = Release|Any CPU
		{43DB1F24-5C11-4E99-AB96-E7ECDAA63D3E}.Debug|Any CPU.ActiveCfg = Debug|Any CPU
		{43DB1F24-5C11-4E99-AB96-E7ECDAA63D3E}.Debug|Any CPU.Build.0 = Debug|Any CPU
		{43DB1F24-5C11-4E99-AB96-E7ECDAA63D3E}.Debug|x64.ActiveCfg = Debug|Any CPU
		{43DB1F24-5C11-4E99-AB96-E7ECDAA63D3E}.Debug|x64.Build.0 = Debug|Any CPU
		{43DB1F24-5C11-4E99-AB96-E7ECDAA63D3E}.Release|Any CPU.ActiveCfg = Release|Any CPU
		{43DB1F24-5C11-4E99-AB96-E7ECDAA63D3E}.Release|Any CPU.Build.0 = Release|Any CPU
		{43DB1F24-5C11-4E99-AB96-E7ECDAA63D3E}.Release|x64.ActiveCfg = Release|Any CPU
		{43DB1F24-5C11-4E99-AB96-E7ECDAA63D3E}.Release|x64.Build.0 = Release|Any CPU
		{58FAF790-D9CF-4D50-92CA-15420C84D3DB}.Debug|Any CPU.ActiveCfg = Debug|Any CPU
		{58FAF790-D9CF-4D50-92CA-15420C84D3DB}.Debug|Any CPU.Build.0 = Debug|Any CPU
		{58FAF790-D9CF-4D50-92CA-15420C84D3DB}.Debug|x64.ActiveCfg = Debug|Any CPU
		{58FAF790-D9CF-4D50-92CA-15420C84D3DB}.Debug|x64.Build.0 = Debug|Any CPU
		{58FAF790-D9CF-4D50-92CA-15420C84D3DB}.Release|Any CPU.ActiveCfg = Release|Any CPU
		{58FAF790-D9CF-4D50-92CA-15420C84D3DB}.Release|Any CPU.Build.0 = Release|Any CPU
		{58FAF790-D9CF-4D50-92CA-15420C84D3DB}.Release|x64.ActiveCfg = Release|Any CPU
		{58FAF790-D9CF-4D50-92CA-15420C84D3DB}.Release|x64.Build.0 = Release|Any CPU
		{09D060DE-22F3-465E-BE24-6CCFF7548669}.Debug|Any CPU.ActiveCfg = Debug|Any CPU
		{09D060DE-22F3-465E-BE24-6CCFF7548669}.Debug|Any CPU.Build.0 = Debug|Any CPU
		{09D060DE-22F3-465E-BE24-6CCFF7548669}.Debug|x64.ActiveCfg = Debug|Any CPU
		{09D060DE-22F3-465E-BE24-6CCFF7548669}.Debug|x64.Build.0 = Debug|Any CPU
		{09D060DE-22F3-465E-BE24-6CCFF7548669}.Release|Any CPU.ActiveCfg = Release|Any CPU
		{09D060DE-22F3-465E-BE24-6CCFF7548669}.Release|Any CPU.Build.0 = Release|Any CPU
		{09D060DE-22F3-465E-BE24-6CCFF7548669}.Release|x64.ActiveCfg = Release|Any CPU
		{09D060DE-22F3-465E-BE24-6CCFF7548669}.Release|x64.Build.0 = Release|Any CPU
		{E368FCD5-0D61-4030-BE99-8762436D5ACD}.Debug|Any CPU.ActiveCfg = Debug|Any CPU
		{E368FCD5-0D61-4030-BE99-8762436D5ACD}.Debug|Any CPU.Build.0 = Debug|Any CPU
		{E368FCD5-0D61-4030-BE99-8762436D5ACD}.Debug|x64.ActiveCfg = Debug|Any CPU
		{E368FCD5-0D61-4030-BE99-8762436D5ACD}.Debug|x64.Build.0 = Debug|Any CPU
		{E368FCD5-0D61-4030-BE99-8762436D5ACD}.Release|Any CPU.ActiveCfg = Release|Any CPU
		{E368FCD5-0D61-4030-BE99-8762436D5ACD}.Release|Any CPU.Build.0 = Release|Any CPU
		{E368FCD5-0D61-4030-BE99-8762436D5ACD}.Release|x64.ActiveCfg = Release|Any CPU
		{E368FCD5-0D61-4030-BE99-8762436D5ACD}.Release|x64.Build.0 = Release|Any CPU
		{74F4B9EA-5DA9-4F5F-8D05-4DBAF6F9A70B}.Debug|Any CPU.ActiveCfg = Debug|Any CPU
		{74F4B9EA-5DA9-4F5F-8D05-4DBAF6F9A70B}.Debug|Any CPU.Build.0 = Debug|Any CPU
		{74F4B9EA-5DA9-4F5F-8D05-4DBAF6F9A70B}.Debug|x64.ActiveCfg = Debug|Any CPU
		{74F4B9EA-5DA9-4F5F-8D05-4DBAF6F9A70B}.Debug|x64.Build.0 = Debug|Any CPU
		{74F4B9EA-5DA9-4F5F-8D05-4DBAF6F9A70B}.Release|Any CPU.ActiveCfg = Release|Any CPU
		{74F4B9EA-5DA9-4F5F-8D05-4DBAF6F9A70B}.Release|Any CPU.Build.0 = Release|Any CPU
		{74F4B9EA-5DA9-4F5F-8D05-4DBAF6F9A70B}.Release|x64.ActiveCfg = Release|Any CPU
		{74F4B9EA-5DA9-4F5F-8D05-4DBAF6F9A70B}.Release|x64.Build.0 = Release|Any CPU
		{55773601-FD24-47F5-95A2-75F47AC54D4B}.Debug|Any CPU.ActiveCfg = Debug|Any CPU
		{55773601-FD24-47F5-95A2-75F47AC54D4B}.Debug|Any CPU.Build.0 = Debug|Any CPU
		{55773601-FD24-47F5-95A2-75F47AC54D4B}.Debug|x64.ActiveCfg = Debug|Any CPU
		{55773601-FD24-47F5-95A2-75F47AC54D4B}.Debug|x64.Build.0 = Debug|Any CPU
		{55773601-FD24-47F5-95A2-75F47AC54D4B}.Release|Any CPU.ActiveCfg = Release|Any CPU
		{55773601-FD24-47F5-95A2-75F47AC54D4B}.Release|Any CPU.Build.0 = Release|Any CPU
		{55773601-FD24-47F5-95A2-75F47AC54D4B}.Release|x64.ActiveCfg = Release|Any CPU
		{55773601-FD24-47F5-95A2-75F47AC54D4B}.Release|x64.Build.0 = Release|Any CPU
		{3F6EFEB2-A0FF-4DA4-8E1B-D82AF038D848}.Debug|Any CPU.ActiveCfg = Debug|Any CPU
		{3F6EFEB2-A0FF-4DA4-8E1B-D82AF038D848}.Debug|Any CPU.Build.0 = Debug|Any CPU
		{3F6EFEB2-A0FF-4DA4-8E1B-D82AF038D848}.Debug|x64.ActiveCfg = Debug|Any CPU
		{3F6EFEB2-A0FF-4DA4-8E1B-D82AF038D848}.Debug|x64.Build.0 = Debug|Any CPU
		{3F6EFEB2-A0FF-4DA4-8E1B-D82AF038D848}.Release|Any CPU.ActiveCfg = Release|Any CPU
		{3F6EFEB2-A0FF-4DA4-8E1B-D82AF038D848}.Release|Any CPU.Build.0 = Release|Any CPU
		{3F6EFEB2-A0FF-4DA4-8E1B-D82AF038D848}.Release|x64.ActiveCfg = Release|Any CPU
		{3F6EFEB2-A0FF-4DA4-8E1B-D82AF038D848}.Release|x64.Build.0 = Release|Any CPU
		{4F925C11-729C-4CC8-ABF2-D1C76DF108ED}.Debug|Any CPU.ActiveCfg = Debug|Any CPU
		{4F925C11-729C-4CC8-ABF2-D1C76DF108ED}.Debug|Any CPU.Build.0 = Debug|Any CPU
		{4F925C11-729C-4CC8-ABF2-D1C76DF108ED}.Debug|x64.ActiveCfg = Debug|Any CPU
		{4F925C11-729C-4CC8-ABF2-D1C76DF108ED}.Debug|x64.Build.0 = Debug|Any CPU
		{4F925C11-729C-4CC8-ABF2-D1C76DF108ED}.Release|Any CPU.ActiveCfg = Release|Any CPU
		{4F925C11-729C-4CC8-ABF2-D1C76DF108ED}.Release|Any CPU.Build.0 = Release|Any CPU
		{4F925C11-729C-4CC8-ABF2-D1C76DF108ED}.Release|x64.ActiveCfg = Release|Any CPU
		{4F925C11-729C-4CC8-ABF2-D1C76DF108ED}.Release|x64.Build.0 = Release|Any CPU
		{18D7EF9B-5666-4768-BBA5-F671F9F4569E}.Debug|Any CPU.ActiveCfg = Debug|Any CPU
		{18D7EF9B-5666-4768-BBA5-F671F9F4569E}.Debug|Any CPU.Build.0 = Debug|Any CPU
		{18D7EF9B-5666-4768-BBA5-F671F9F4569E}.Debug|x64.ActiveCfg = Debug|Any CPU
		{18D7EF9B-5666-4768-BBA5-F671F9F4569E}.Debug|x64.Build.0 = Debug|Any CPU
		{18D7EF9B-5666-4768-BBA5-F671F9F4569E}.Release|Any CPU.ActiveCfg = Release|Any CPU
		{18D7EF9B-5666-4768-BBA5-F671F9F4569E}.Release|Any CPU.Build.0 = Release|Any CPU
		{18D7EF9B-5666-4768-BBA5-F671F9F4569E}.Release|x64.ActiveCfg = Release|Any CPU
		{18D7EF9B-5666-4768-BBA5-F671F9F4569E}.Release|x64.Build.0 = Release|Any CPU
		{3885A4A3-092D-4246-BAA8-8228A652E6A8}.Debug|Any CPU.ActiveCfg = Debug|Any CPU
		{3885A4A3-092D-4246-BAA8-8228A652E6A8}.Debug|Any CPU.Build.0 = Debug|Any CPU
		{3885A4A3-092D-4246-BAA8-8228A652E6A8}.Debug|x64.ActiveCfg = Debug|Any CPU
		{3885A4A3-092D-4246-BAA8-8228A652E6A8}.Debug|x64.Build.0 = Debug|Any CPU
		{3885A4A3-092D-4246-BAA8-8228A652E6A8}.Release|Any CPU.ActiveCfg = Release|Any CPU
		{3885A4A3-092D-4246-BAA8-8228A652E6A8}.Release|Any CPU.Build.0 = Release|Any CPU
		{3885A4A3-092D-4246-BAA8-8228A652E6A8}.Release|x64.ActiveCfg = Release|Any CPU
		{3885A4A3-092D-4246-BAA8-8228A652E6A8}.Release|x64.Build.0 = Release|Any CPU
	EndGlobalSection
	GlobalSection(SolutionProperties) = preSolution
		HideSolutionNode = FALSE
	EndGlobalSection
	GlobalSection(ExtensibilityGlobals) = postSolution
		SolutionGuid = {58607218-0BA3-42F8-9D57-A3086E83C219}
	EndGlobalSection
EndGlobal
